{
    "_readme": [
        "This file locks the dependencies of your project to a known state",
        "Read more about it at http://getcomposer.org/doc/01-basic-usage.md#composer-lock-the-lock-file",
        "This file is @generated automatically"
    ],
    "hash": "fe1f6a5481c2283260bbab3b1c6e2de9",
    "packages": [
        {
            "name": "phing/phing",
            "version": "2.8.2",
            "source": {
                "type": "git",
                "url": "https://github.com/phingofficial/phing.git",
                "reference": "345e8716122cf6c6b59c4894701d8b736f27fca9"
            },
            "dist": {
                "type": "zip",
                "url": "https://api.github.com/repos/phingofficial/phing/zipball/345e8716122cf6c6b59c4894701d8b736f27fca9",
                "reference": "345e8716122cf6c6b59c4894701d8b736f27fca9",
                "shasum": ""
            },
            "require": {
                "php": ">=5.2.0"
            },
            "require-dev": {
                "phpdocumentor/phpdocumentor": "2.x",
                "phpunit/phpunit": ">=3.7"
            },
            "suggest": {
                "pdepend/pdepend": "PHP version of JDepend",
                "pear/archive_tar": "Tar file management class",
                "pear/versioncontrol_git": "A library that provides OO interface to handle Git repository",
                "pear/versioncontrol_svn": "A simple OO-style interface for Subversion, the free/open-source version control system",
                "phpdocumentor/phpdocumentor": "Documentation Generator for PHP",
                "phploc/phploc": "A tool for quickly measuring the size of a PHP project",
                "phpmd/phpmd": "PHP version of PMD tool",
                "phpunit/php-code-coverage": "Library that provides collection, processing, and rendering functionality for PHP code coverage information",
                "phpunit/phpunit": "The PHP Unit Testing Framework",
                "sebastian/phpcpd": "Copy/Paste Detector (CPD) for PHP code",
                "tedivm/jshrink": "Javascript Minifier built in PHP"
            },
            "bin": [
                "bin/phing"
            ],
            "type": "library",
            "autoload": {
                "classmap": [
                    "classes/phing/"
                ]
            },
            "notification-url": "https://packagist.org/downloads/",
            "include-path": [
                "classes"
            ],
            "license": [
                "LGPL-3.0"
            ],
            "authors": [
                {
                    "name": "Michiel Rook",
                    "email": "mrook@php.net",
                    "role": "Lead"
                },
                {
                    "name": "Phing Community",
                    "homepage": "http://www.phing.info/trac/wiki/Development/Contributors"
                }
            ],
            "description": "PHing Is Not GNU make; it's a PHP project build system or build tool based on Apache Ant.",
            "homepage": "http://www.phing.info/",
            "keywords": [
                "build",
                "phing",
                "task",
                "tool"
            ],
            "time": "2014-07-18 10:23:54"
        }
    ],
    "packages-dev": [],
    "aliases": [],
    "minimum-stability": "stable",
    "stability-flags": [],
    "prefer-stable": false,
    "platform": {
        "php": ">=5.2.2",
        "ext-xsl": "*",
        "ext-phar": "*",
        "ext-json": "*"
    },
    "platform-dev": {
        "ext-zlib": "*",
        "ext-bz2": "*"
    }
}
