{
    "_readme": [
        "This file locks the dependencies of your project to a known state",
        "Read more about it at http://getcomposer.org/doc/01-basic-usage.md#composer-lock-the-lock-file",
        "This file is @generated automatically"
    ],
    "hash": "c9b2575874009c979ad58219e67bb27b",
    "packages": [
        {
            "name": "phing/phing",
            "version": "2.9.1",
            "source": {
                "type": "git",
                "url": "https://github.com/phingofficial/phing.git",
                "reference": "393edeffa8a85d43636ce0c9b4deb1ff9ac60a5c"
            },
            "dist": {
                "type": "zip",
                "url": "https://api.github.com/repos/phingofficial/phing/zipball/393edeffa8a85d43636ce0c9b4deb1ff9ac60a5c",
                "reference": "393edeffa8a85d43636ce0c9b4deb1ff9ac60a5c",
                "shasum": ""
            },
            "require": {
                "php": ">=5.2.0"
            },
            "require-dev": {
                "ext-pdo_sqlite": "*",
                "lastcraft/simpletest": "@dev",
                "pdepend/pdepend": "1.x",
                "pear-pear.php.net/http_request2": "2.2.x",
                "pear-pear.php.net/net_growl": "2.7.x",
                "pear-pear.php.net/pear_packagefilemanager": "1.7.x",
                "pear-pear.php.net/pear_packagefilemanager2": "1.0.x",
                "pear-pear.php.net/xml_serializer": "0.20.x",
                "pear/pear_exception": "@dev",
                "pear/versioncontrol_git": "@dev",
                "pear/versioncontrol_svn": "@dev",
                "phpdocumentor/phpdocumentor": "2.x",
                "phploc/phploc": "2.x",
                "phpunit/phpunit": ">=3.7",
                "sebastian/phpcpd": "2.x",
                "squizlabs/php_codesniffer": "1.5.x"
            },
            "suggest": {
                "pdepend/pdepend": "PHP version of JDepend",
                "pear/archive_tar": "Tar file management class",
                "pear/versioncontrol_git": "A library that provides OO interface to handle Git repository",
                "pear/versioncontrol_svn": "A simple OO-style interface for Subversion, the free/open-source version control system",
                "phpdocumentor/phpdocumentor": "Documentation Generator for PHP",
                "phploc/phploc": "A tool for quickly measuring the size of a PHP project",
                "phpmd/phpmd": "PHP version of PMD tool",
                "phpunit/php-code-coverage": "Library that provides collection, processing, and rendering functionality for PHP code coverage information",
                "phpunit/phpunit": "The PHP Unit Testing Framework",
                "sebastian/phpcpd": "Copy/Paste Detector (CPD) for PHP code",
                "tedivm/jshrink": "Javascript Minifier built in PHP"
            },
            "bin": [
                "bin/phing"
            ],
            "type": "library",
            "extra": {
                "branch-alias": {
                    "dev-master": "2.9.x-dev"
                }
            },
            "autoload": {
                "classmap": [
                    "classes/phing/"
                ]
            },
            "notification-url": "https://packagist.org/downloads/",
            "include-path": [
                "classes"
            ],
            "license": [
                "LGPL-3.0"
            ],
            "authors": [
                {
                    "name": "Phing Community",
                    "homepage": "http://www.phing.info/trac/wiki/Development/Contributors"
                },
                {
                    "name": "Michiel Rook",
                    "email": "mrook@php.net"
                }
            ],
            "description": "PHing Is Not GNU make; it's a PHP project build system or build tool based on Apache Ant.",
            "homepage": "http://www.phing.info/",
            "keywords": [
                "build",
                "phing",
                "task",
                "tool"
            ],
            "time": "2014-12-03 09:18:46"
        }
    ],
    "packages-dev": [],
    "aliases": [],
    "minimum-stability": "stable",
    "stability-flags": [],
    "prefer-stable": false,
    "platform": {
        "php": ">=5.2.2",
        "ext-xsl": "*",
        "ext-phar": "*",
        "ext-json": "*"
    },
    "platform-dev": {
        "ext-zlib": "*",
        "ext-bz2": "*"
    }
}
